
Microsoft Visual Studio Solution File, Format Version 12.00
# Visual Studio Version 17
VisualStudioVersion = 17.10.35013.160
MinimumVisualStudioVersion = 10.0.40219.1
Project("{FAE04EC0-301F-11D3-BF4B-00C04F79EFBC}") = "dz_dz_dz_dz", "dz_dz_dz_dz\dz_dz_dz_dz.csproj", "{073A4A1C-C319-48A0-83BC-F30C5E82D796}"
EndProject
Global
	GlobalSection(SolutionConfigurationPlatforms) = preSolution
		Debug|Any CPU = Debug|Any CPU
		Release|Any CPU = Release|Any CPU
	EndGlobalSection
	GlobalSection(ProjectConfigurationPlatforms) = postSolution
		{073A4A1C-C319-48A0-83BC-F30C5E82D796}.Debug|Any CPU.ActiveCfg = Debug|Any CPU
		{073A4A1C-C319-48A0-83BC-F30C5E82D796}.Debug|Any CPU.Build.0 = Debug|Any CPU
		{073A4A1C-C319-48A0-83BC-F30C5E82D796}.Release|Any CPU.ActiveCfg = Release|Any CPU
		{073A4A1C-C319-48A0-83BC-F30C5E82D796}.Release|Any CPU.Build.0 = Release|Any CPU
	EndGlobalSection
	GlobalSection(SolutionProperties) = preSolution
		HideSolutionNode = FALSE
	EndGlobalSection
	GlobalSection(ExtensibilityGlobals) = postSolution
		SolutionGuid = {C0356C53-8132-4D8F-B871-5C1BB368730F}
	EndGlobalSection
EndGlobal
